
Microsoft Visual Studio Solution File, Format Version 12.00
Project("{FAE04EC0-301F-11D3-BF4B-00C04F79EFBC}") = "Events.Example.API", "Events.Example.API\Events.Example.API.csproj", "{6CAF292E-C40A-4C91-AEAE-7809478359B5}"
EndProject
Project("{FAE04EC0-301F-11D3-BF4B-00C04F79EFBC}") = "Events.Example.Core", "Events.Example.Core\Events.Example.Core.csproj", "{C4ED559B-D602-424C-B9C0-2480C3271EC0}"
EndProject
Project("{FAE04EC0-301F-11D3-BF4B-00C04F79EFBC}") = "Events.Example.Application", "Events.Example.Application\Events.Example.Application.csproj", "{2F202EDF-EFD6-435B-84FD-381E83EB3254}"
EndProject
Global
	GlobalSection(SolutionConfigurationPlatforms) = preSolution
		Debug|Any CPU = Debug|Any CPU
		Release|Any CPU = Release|Any CPU
	EndGlobalSection
	GlobalSection(ProjectConfigurationPlatforms) = postSolution
		{6CAF292E-C40A-4C91-AEAE-7809478359B5}.Debug|Any CPU.ActiveCfg = Debug|Any CPU
		{6CAF292E-C40A-4C91-AEAE-7809478359B5}.Debug|Any CPU.Build.0 = Debug|Any CPU
		{6CAF292E-C40A-4C91-AEAE-7809478359B5}.Release|Any CPU.ActiveCfg = Release|Any CPU
		{6CAF292E-C40A-4C91-AEAE-7809478359B5}.Release|Any CPU.Build.0 = Release|Any CPU
		{C4ED559B-D602-424C-B9C0-2480C3271EC0}.Debug|Any CPU.ActiveCfg = Debug|Any CPU
		{C4ED559B-D602-424C-B9C0-2480C3271EC0}.Debug|Any CPU.Build.0 = Debug|Any CPU
		{C4ED559B-D602-424C-B9C0-2480C3271EC0}.Release|Any CPU.ActiveCfg = Release|Any CPU
		{C4ED559B-D602-424C-B9C0-2480C3271EC0}.Release|Any CPU.Build.0 = Release|Any CPU
		{2F202EDF-EFD6-435B-84FD-381E83EB3254}.Debug|Any CPU.ActiveCfg = Debug|Any CPU
		{2F202EDF-EFD6-435B-84FD-381E83EB3254}.Debug|Any CPU.Build.0 = Debug|Any CPU
		{2F202EDF-EFD6-435B-84FD-381E83EB3254}.Release|Any CPU.ActiveCfg = Release|Any CPU
		{2F202EDF-EFD6-435B-84FD-381E83EB3254}.Release|Any CPU.Build.0 = Release|Any CPU
	EndGlobalSection
EndGlobal
